// !$*UTF8*$!
{
	archiveVersion = 1;
	classes = {
	};
	objectVersion = 50;
	objects = {

/* Begin PBXBuildFile section */
		160FCEFF22C153CB00366335 /* AppDelegate.swift in Sources */ = {isa = PBXBuildFile; fileRef = 160FCEFE22C153CB00366335 /* AppDelegate.swift */; };
		160FCF0422C153CB00366335 /* Main.storyboard in Resources */ = {isa = PBXBuildFile; fileRef = 160FCF0222C153CB00366335 /* Main.storyboard */; };
		160FCF0622C153CC00366335 /* Assets.xcassets in Resources */ = {isa = PBXBuildFile; fileRef = 160FCF0522C153CC00366335 /* Assets.xcassets */; };
		160FCF0922C153CC00366335 /* LaunchScreen.storyboard in Resources */ = {isa = PBXBuildFile; fileRef = 160FCF0722C153CC00366335 /* LaunchScreen.storyboard */; };
		160FCF1422C1543000366335 /* Post.swift in Sources */ = {isa = PBXBuildFile; fileRef = 160FCF1322C1543000366335 /* Post.swift */; };
		160FCF1622C1543700366335 /* PostController.swift in Sources */ = {isa = PBXBuildFile; fileRef = 160FCF1522C1543700366335 /* PostController.swift */; };
		16D5145422C4484900921557 /* PostListViewController.swift in Sources */ = {isa = PBXBuildFile; fileRef = 16D5145322C4484900921557 /* PostListViewController.swift */; };
/* End PBXBuildFile section */

/* Begin PBXFileReference section */
		160FCEFB22C153CB00366335 /* Post27.app */ = {isa = PBXFileReference; explicitFileType = wrapper.application; includeInIndex = 0; path = Post27.app; sourceTree = BUILT_PRODUCTS_DIR; };
		160FCEFE22C153CB00366335 /* AppDelegate.swift */ = {isa = PBXFileReference; lastKnownFileType = sourcecode.swift; path = AppDelegate.swift; sourceTree = "<group>"; };
		160FCF0322C153CB00366335 /* Base */ = {isa = PBXFileReference; lastKnownFileType = file.storyboard; name = Base; path = Base.lproj/Main.storyboard; sourceTree = "<group>"; };
		160FCF0522C153CC00366335 /* Assets.xcassets */ = {isa = PBXFileReference; lastKnownFileType = folder.assetcatalog; path = Assets.xcassets; sourceTree = "<group>"; };
		160FCF0822C153CC00366335 /* Base */ = {isa = PBXFileReference; lastKnownFileType = file.storyboard; name = Base; path = Base.lproj/LaunchScreen.storyboard; sourceTree = "<group>"; };
		160FCF0A22C153CC00366335 /* Info.plist */ = {isa = PBXFileReference; lastKnownFileType = text.plist.xml; path = Info.plist; sourceTree = "<group>"; };
		160FCF1322C1543000366335 /* Post.swift */ = {isa = PBXFileReference; lastKnownFileType = sourcecode.swift; path = Post.swift; sourceTree = "<group>"; };
		160FCF1522C1543700366335 /* PostController.swift */ = {isa = PBXFileReference; lastKnownFileType = sourcecode.swift; path = PostController.swift; sourceTree = "<group>"; };
		16D5145322C4484900921557 /* PostListViewController.swift */ = {isa = PBXFileReference; lastKnownFileType = sourcecode.swift; name = PostListViewController.swift; path = ../PostListViewController.swift; sourceTree = "<group>"; };
/* End PBXFileReference section */

/* Begin PBXFrameworksBuildPhase section */
		160FCEF822C153CB00366335 /* Frameworks */ = {
			isa = PBXFrameworksBuildPhase;
			buildActionMask = 2147483647;
			files = (
			);
			runOnlyForDeploymentPostprocessing = 0;
		};
/* End PBXFrameworksBuildPhase section */

/* Begin PBXGroup section */
		160FCEF222C153CB00366335 = {
			isa = PBXGroup;
			children = (
				160FCEFD22C153CB00366335 /* Post27 */,
				160FCEFC22C153CB00366335 /* Products */,
				160FCF1022C153D400366335 /* Resources */,
			);
			sourceTree = "<group>";
		};
		160FCEFC22C153CB00366335 /* Products */ = {
			isa = PBXGroup;
			children = (
				160FCEFB22C153CB00366335 /* Post27.app */,
			);
			name = Products;
			sourceTree = "<group>";
		};
		160FCEFD22C153CB00366335 /* Post27 */ = {
			isa = PBXGroup;
			children = (
				160FCF0222C153CB00366335 /* Main.storyboard */,
				160FCF1722C1544100366335 /* Model */,
				160FCF1822C1544700366335 /* Controllers */,
			);
			path = Post27;
			sourceTree = "<group>";
		};
		160FCF1022C153D400366335 /* Resources */ = {
			isa = PBXGroup;
			children = (
				160FCEFE22C153CB00366335 /* AppDelegate.swift */,
				160FCF0522C153CC00366335 /* Assets.xcassets */,
				160FCF0722C153CC00366335 /* LaunchScreen.storyboard */,
				160FCF0A22C153CC00366335 /* Info.plist */,
			);
			path = Resources;
			sourceTree = "<group>";
		};
		160FCF1722C1544100366335 /* Model */ = {
			isa = PBXGroup;
			children = (
				160FCF1322C1543000366335 /* Post.swift */,
			);
			path = Model;
			sourceTree = "<group>";
		};
		160FCF1822C1544700366335 /* Controllers */ = {
			isa = PBXGroup;
			children = (
				160FCF1522C1543700366335 /* PostController.swift */,
				160FCF1922C159EC00366335 /* View Controllers */,
			);
			path = Controllers;
			sourceTree = "<group>";
		};
		160FCF1922C159EC00366335 /* View Controllers */ = {
			isa = PBXGroup;
			children = (
				16D5145322C4484900921557 /* PostListViewController.swift */,
			);
			path = "View Controllers";
			sourceTree = "<group>";
		};
/* End PBXGroup section */

/* Begin PBXNativeTarget section */
		160FCEFA22C153CB00366335 /* Post27 */ = {
			isa = PBXNativeTarget;
			buildConfigurationList = 160FCF0D22C153CC00366335 /* Build configuration list for PBXNativeTarget "Post27" */;
			buildPhases = (
				160FCEF722C153CB00366335 /* Sources */,
				160FCEF822C153CB00366335 /* Frameworks */,
				160FCEF922C153CB00366335 /* Resources */,
			);
			buildRules = (
			);
			dependencies = (
			);
			name = Post27;
			productName = Post27;
			productReference = 160FCEFB22C153CB00366335 /* Post27.app */;
			productType = "com.apple.product-type.application";
		};
/* End PBXNativeTarget section */

/* Begin PBXProject section */
		160FCEF322C153CB00366335 /* Project object */ = {
			isa = PBXProject;
			attributes = {
				LastSwiftUpdateCheck = 1020;
				LastUpgradeCheck = 1020;
				ORGANIZATIONNAME = "Leah Cluff";
				TargetAttributes = {
					160FCEFA22C153CB00366335 = {
						CreatedOnToolsVersion = 10.2.1;
					};
				};
			};
			buildConfigurationList = 160FCEF622C153CB00366335 /* Build configuration list for PBXProject "Post27" */;
			compatibilityVersion = "Xcode 9.3";
			developmentRegion = en;
			hasScannedForEncodings = 0;
			knownRegions = (
				en,
				Base,
			);
			mainGroup = 160FCEF222C153CB00366335;
			productRefGroup = 160FCEFC22C153CB00366335 /* Products */;
			projectDirPath = "";
			projectRoot = "";
			targets = (
				160FCEFA22C153CB00366335 /* Post27 */,
			);
		};
/* End PBXProject section */

/* Begin PBXResourcesBuildPhase section */
		160FCEF922C153CB00366335 /* Resources */ = {
			isa = PBXResourcesBuildPhase;
			buildActionMask = 2147483647;
			files = (
				160FCF0922C153CC00366335 /* LaunchScreen.storyboard in Resources */,
				160FCF0622C153CC00366335 /* Assets.xcassets in Resources */,
				160FCF0422C153CB00366335 /* Main.storyboard in Resources */,
			);
			runOnlyForDeploymentPostprocessing = 0;
		};
/* End PBXResourcesBuildPhase section */

/* Begin PBXSourcesBuildPhase section */
		160FCEF722C153CB00366335 /* Sources */ = {
			isa = PBXSourcesBuildPhase;
			buildActionMask = 2147483647;
			files = (
				16D5145422C4484900921557 /* PostListViewController.swift in Sources */,
				160FCF1422C1543000366335 /* Post.swift in Sources */,
				160FCF1622C1543700366335 /* PostController.swift in Sources */,
				160FCEFF22C153CB00366335 /* AppDelegate.swift in Sources */,
			);
			runOnlyForDeploymentPostprocessing = 0;
		};
/* End PBXSourcesBuildPhase section */

/* Begin PBXVariantGroup section */
		160FCF0222C153CB00366335 /* Main.storyboard */ = {
			isa = PBXVariantGroup;
			children = (
				160FCF0322C153CB00366335 /* Base */,
			);
			name = Main.storyboard;
			sourceTree = "<group>";
		};
		160FCF0722C153CC00366335 /* LaunchScreen.storyboard */ = {
			isa = PBXVariantGroup;
			children = (
				160FCF0822C153CC00366335 /* Base */,
			);
			name = LaunchScreen.storyboard;
			sourceTree = "<group>";
		};
/* End PBXVariantGroup section */

/* Begin XCBuildConfiguration section */
		160FCF0B22C153CC00366335 /* Debug */ = {
			isa = XCBuildConfiguration;
			buildSettings = {
				ALWAYS_SEARCH_USER_PATHS = NO;
				CLANG_ANALYZER_NONNULL = YES;
				CLANG_ANALYZER_NUMBER_OBJECT_CONVERSION = YES_AGGRESSIVE;
				CLANG_CXX_LANGUAGE_STANDARD = "gnu++14";
				CLANG_CXX_LIBRARY = "libc++";
				CLANG_ENABLE_MODULES = YES;
				CLANG_ENABLE_OBJC_ARC = YES;
				CLANG_ENABLE_OBJC_WEAK = YES;
				CLANG_WARN_BLOCK_CAPTURE_AUTORELEASING = YES;
				CLANG_WARN_BOOL_CONVERSION = YES;
				CLANG_WARN_COMMA = YES;
				CLANG_WARN_CONSTANT_CONVERSION = YES;
				CLANG_WARN_DEPRECATED_OBJC_IMPLEMENTATIONS = YES;
				CLANG_WARN_DIRECT_OBJC_ISA_USAGE = YES_ERROR;
				CLANG_WARN_DOCUMENTATION_COMMENTS = YES;
				CLANG_WARN_EMPTY_BODY = YES;
				CLANG_WARN_ENUM_CONVERSION = YES;
				CLANG_WARN_INFINITE_RECURSION = YES;
				CLANG_WARN_INT_CONVERSION = YES;
				CLANG_WARN_NON_LITERAL_NULL_CONVERSION = YES;
				CLANG_WARN_OBJC_IMPLICIT_RETAIN_SELF = YES;
				CLANG_WARN_OBJC_LITERAL_CONVERSION = YES;
				CLANG_WARN_OBJC_ROOT_CLASS = YES_ERROR;
				CLANG_WARN_RANGE_LOOP_ANALYSIS = YES;
				CLANG_WARN_STRICT_PROTOTYPES = YES;
				CLANG_WARN_SUSPICIOUS_MOVE = YES;
				CLANG_WARN_UNGUARDED_AVAILABILITY = YES_AGGRESSIVE;
				CLANG_WARN_UNREACHABLE_CODE = YES;
				CLANG_WARN__DUPLICATE_METHOD_MATCH = YES;
				CODE_SIGN_IDENTITY = "iPhone Developer";
				COPY_PHASE_STRIP = NO;
				DEBUG_INFORMATION_FORMAT = dwarf;
				ENABLE_STRICT_OBJC_MSGSEND = YES;
				ENABLE_TESTABILITY = YES;
				GCC_C_LANGUAGE_STANDARD = gnu11;
				GCC_DYNAMIC_NO_PIC = NO;
				GCC_NO_COMMON_BLOCKS = YES;
				GCC_OPTIMIZATION_LEVEL = 0;
				GCC_PREPROCESSOR_DEFINITIONS = (
					"DEBUG=1",
					"$(inherited)",
				);
				GCC_WARN_64_TO_32_BIT_CONVERSION = YES;
				GCC_WARN_ABOUT_RETURN_TYPE = YES_ERROR;
				GCC_WARN_UNDECLARED_SELECTOR = YES;
				GCC_WARN_UNINITIALIZED_AUTOS = YES_AGGRESSIVE;
				GCC_WARN_UNUSED_FUNCTION = YES;
				GCC_WARN_UNUSED_VARIABLE = YES;
				IPHONEOS_DEPLOYMENT_TARGET = 12.2;
				MTL_ENABLE_DEBUG_INFO = INCLUDE_SOURCE;
				MTL_FAST_MATH = YES;
				ONLY_ACTIVE_ARCH = YES;
				SDKROOT = iphoneos;
				SWIFT_ACTIVE_COMPILATION_CONDITIONS = DEBUG;
				SWIFT_OPTIMIZATION_LEVEL = "-Onone";
			};
			name = Debug;
		};
		160FCF0C22C153CC00366335 /* Release */ = {
			isa = XCBuildConfiguration;
			buildSettings = {
				ALWAYS_SEARCH_USER_PATHS = NO;
				CLANG_ANALYZER_NONNULL = YES;
				CLANG_ANALYZER_NUMBER_OBJECT_CONVERSION = YES_AGGRESSIVE;
				CLANG_CXX_LANGUAGE_STANDARD = "gnu++14";
				CLANG_CXX_LIBRARY = "libc++";
				CLANG_ENABLE_MODULES = YES;
				CLANG_ENABLE_OBJC_ARC = YES;
				CLANG_ENABLE_OBJC_WEAK = YES;
				CLANG_WARN_BLOCK_CAPTURE_AUTORELEASING = YES;
				CLANG_WARN_BOOL_CONVERSION = YES;
				CLANG_WARN_COMMA = YES;
				CLANG_WARN_CONSTANT_CONVERSION = YES;
				CLANG_WARN_DEPRECATED_OBJC_IMPLEMENTATIONS = YES;
				CLANG_WARN_DIRECT_OBJC_ISA_USAGE = YES_ERROR;
				CLANG_WARN_DOCUMENTATION_COMMENTS = YES;
				CLANG_WARN_EMPTY_BODY = YES;
				CLANG_WARN_ENUM_CONVERSION = YES;
				CLANG_WARN_INFINITE_RECURSION = YES;
				CLANG_WARN_INT_CONVERSION = YES;
				CLANG_WARN_NON_LITERAL_NULL_CONVERSION = YES;
				CLANG_WARN_OBJC_IMPLICIT_RETAIN_SELF = YES;
				CLANG_WARN_OBJC_LITERAL_CONVERSION = YES;
				CLANG_WARN_OBJC_ROOT_CLASS = YES_ERROR;
				CLANG_WARN_RANGE_LOOP_ANALYSIS = YES;
				CLANG_WARN_STRICT_PROTOTYPES = YES;
				CLANG_WARN_SUSPICIOUS_MOVE = YES;
				CLANG_WARN_UNGUARDED_AVAILABILITY = YES_AGGRESSIVE;
				CLANG_WARN_UNREACHABLE_CODE = YES;
				CLANG_WARN__DUPLICATE_METHOD_MATCH = YES;
				CODE_SIGN_IDENTITY = "iPhone Developer";
				COPY_PHASE_STRIP = NO;
				DEBUG_INFORMATION_FORMAT = "dwarf-with-dsym";
				ENABLE_NS_ASSERTIONS = NO;
				ENABLE_STRICT_OBJC_MSGSEND = YES;
				GCC_C_LANGUAGE_STANDARD = gnu11;
				GCC_NO_COMMON_BLOCKS = YES;
				GCC_WARN_64_TO_32_BIT_CONVERSION = YES;
				GCC_WARN_ABOUT_RETURN_TYPE = YES_ERROR;
				GCC_WARN_UNDECLARED_SELECTOR = YES;
				GCC_WARN_UNINITIALIZED_AUTOS = YES_AGGRESSIVE;
				GCC_WARN_UNUSED_FUNCTION = YES;
				GCC_WARN_UNUSED_VARIABLE = YES;
				IPHONEOS_DEPLOYMENT_TARGET = 12.2;
				MTL_ENABLE_DEBUG_INFO = NO;
				MTL_FAST_MATH = YES;
				SDKROOT = iphoneos;
				SWIFT_COMPILATION_MODE = wholemodule;
				SWIFT_OPTIMIZATION_LEVEL = "-O";
				VALIDATE_PRODUCT = YES;
			};
			name = Release;
		};
		160FCF0E22C153CC00366335 /* Debug */ = {
			isa = XCBuildConfiguration;
			buildSettings = {
				ASSETCATALOG_COMPILER_APPICON_NAME = AppIcon;
				CODE_SIGN_STYLE = Automatic;
				DEVELOPMENT_TEAM = C3BD4H8DKG;
				INFOPLIST_FILE = "$(SRCROOT)/Resources/Info.plist";
				LD_RUNPATH_SEARCH_PATHS = (
					"$(inherited)",
					"@executable_path/Frameworks",
				);
				PRODUCT_BUNDLE_IDENTIFIER = "Leah-Cluff.Post27";
				PRODUCT_NAME = "$(TARGET_NAME)";
				SWIFT_VERSION = 5.0;
				TARGETED_DEVICE_FAMILY = "1,2";
			};
			name = Debug;
		};
		160FCF0F22C153CC00366335 /* Release */ = {
			isa = XCBuildConfiguration;
			buildSettings = {
				ASSETCATALOG_COMPILER_APPICON_NAME = AppIcon;
				CODE_SIGN_STYLE = Automatic;
				DEVELOPMENT_TEAM = C3BD4H8DKG;
				INFOPLIST_FILE = "$(SRCROOT)/Resources/Info.plist";
				LD_RUNPATH_SEARCH_PATHS = (
					"$(inherited)",
					"@executable_path/Frameworks",
				);
				PRODUCT_BUNDLE_IDENTIFIER = "Leah-Cluff.Post27";
				PRODUCT_NAME = "$(TARGET_NAME)";
				SWIFT_VERSION = 5.0;
				TARGETED_DEVICE_FAMILY = "1,2";
			};
			name = Release;
		};
/* End XCBuildConfiguration section */

/* Begin XCConfigurationList section */
		160FCEF622C153CB00366335 /* Build configuration list for PBXProject "Post27" */ = {
			isa = XCConfigurationList;
			buildConfigurations = (
				160FCF0B22C153CC00366335 /* Debug */,
				160FCF0C22C153CC00366335 /* Release */,
			);
			defaultConfigurationIsVisible = 0;
			defaultConfigurationName = Release;
		};
		160FCF0D22C153CC00366335 /* Build configuration list for PBXNativeTarget "Post27" */ = {
			isa = XCConfigurationList;
			buildConfigurations = (
				160FCF0E22C153CC00366335 /* Debug */,
				160FCF0F22C153CC00366335 /* Release */,
			);
			defaultConfigurationIsVisible = 0;
			defaultConfigurationName = Release;
		};
/* End XCConfigurationList section */
	};
	rootObject = 160FCEF322C153CB00366335 /* Project object */;
}
